
Microsoft Visual Studio Solution File, Format Version 12.00
# Visual Studio Version 16
VisualStudioVersion = 16.0.31729.503
MinimumVisualStudioVersion = 10.0.40219.1
Project("{8BC9CEB8-8B4A-11D0-8D11-00A0C91BC942}") = "15. 3Sum Leetcode", "15. 3Sum Leetcode\15. 3Sum Leetcode.vcxproj", "{C346A6D0-0B1E-4DDE-B660-66B4EA75C085}"
EndProject
Global
	GlobalSection(SolutionConfigurationPlatforms) = preSolution
		Debug|x64 = Debug|x64
		Debug|x86 = Debug|x86
		Release|x64 = Release|x64
		Release|x86 = Release|x86
	EndGlobalSection
	GlobalSection(ProjectConfigurationPlatforms) = postSolution
		{C346A6D0-0B1E-4DDE-B660-66B4EA75C085}.Debug|x64.ActiveCfg = Debug|x64
		{C346A6D0-0B1E-4DDE-B660-66B4EA75C085}.Debug|x64.Build.0 = Debug|x64
		{C346A6D0-0B1E-4DDE-B660-66B4EA75C085}.Debug|x86.ActiveCfg = Debug|Win32
		{C346A6D0-0B1E-4DDE-B660-66B4EA75C085}.Debug|x86.Build.0 = Debug|Win32
		{C346A6D0-0B1E-4DDE-B660-66B4EA75C085}.Release|x64.ActiveCfg = Release|x64
		{C346A6D0-0B1E-4DDE-B660-66B4EA75C085}.Release|x64.Build.0 = Release|x64
		{C346A6D0-0B1E-4DDE-B660-66B4EA75C085}.Release|x86.ActiveCfg = Release|Win32
		{C346A6D0-0B1E-4DDE-B660-66B4EA75C085}.Release|x86.Build.0 = Release|Win32
	EndGlobalSection
	GlobalSection(SolutionProperties) = preSolution
		HideSolutionNode = FALSE
	EndGlobalSection
	GlobalSection(ExtensibilityGlobals) = postSolution
		SolutionGuid = {B03C995B-7A55-4568-B490-BC781173146A}
	EndGlobalSection
EndGlobal
